
Microsoft Visual Studio Solution File, Format Version 12.00
# Visual Studio Version 17
VisualStudioVersion = 17.13.35919.96 d17.13
MinimumVisualStudioVersion = 10.0.40219.1
Project("{FAE04EC0-301F-11D3-BF4B-00C04F79EFBC}") = "SSLFG", "SSLFG\SSLFG.csproj", "{FD3ABB33-E7D9-4F57-842C-AEF775726B04}"
EndProject
Global
	GlobalSection(SolutionConfigurationPlatforms) = preSolution
		Debug|Any CPU = Debug|Any CPU
		Release|Any CPU = Release|Any CPU
	EndGlobalSection
	GlobalSection(ProjectConfigurationPlatforms) = postSolution
		{FD3ABB33-E7D9-4F57-842C-AEF775726B04}.Debug|Any CPU.ActiveCfg = Debug|Any CPU
		{FD3ABB33-E7D9-4F57-842C-AEF775726B04}.Debug|Any CPU.Build.0 = Debug|Any CPU
		{FD3ABB33-E7D9-4F57-842C-AEF775726B04}.Release|Any CPU.ActiveCfg = Release|Any CPU
		{FD3ABB33-E7D9-4F57-842C-AEF775726B04}.Release|Any CPU.Build.0 = Release|Any CPU
	EndGlobalSection
	GlobalSection(SolutionProperties) = preSolution
		HideSolutionNode = FALSE
	EndGlobalSection
	GlobalSection(ExtensibilityGlobals) = postSolution
		SolutionGuid = {24004A23-4A17-46C3-84B6-1817A1586A80}
	EndGlobalSection
EndGlobal
