
Microsoft Visual Studio Solution File, Format Version 12.00
# Visual Studio Version 17
VisualStudioVersion = 17.13.35919.96 d17.13
MinimumVisualStudioVersion = 10.0.40219.1
Project("{FAE04EC0-301F-11D3-BF4B-00C04F79EFBC}") = "Fractal rendering", "WinFormsApp1\Fractal rendering.csproj", "{D95DEDE9-7311-4181-ADEA-621059C64407}"
EndProject
Global
	GlobalSection(SolutionConfigurationPlatforms) = preSolution
		Debug|Any CPU = Debug|Any CPU
		Release|Any CPU = Release|Any CPU
	EndGlobalSection
	GlobalSection(ProjectConfigurationPlatforms) = postSolution
		{D95DEDE9-7311-4181-ADEA-621059C64407}.Debug|Any CPU.ActiveCfg = Debug|Any CPU
		{D95DEDE9-7311-4181-ADEA-621059C64407}.Debug|Any CPU.Build.0 = Debug|Any CPU
		{D95DEDE9-7311-4181-ADEA-621059C64407}.Release|Any CPU.ActiveCfg = Release|Any CPU
		{D95DEDE9-7311-4181-ADEA-621059C64407}.Release|Any CPU.Build.0 = Release|Any CPU
	EndGlobalSection
	GlobalSection(SolutionProperties) = preSolution
		HideSolutionNode = FALSE
	EndGlobalSection
	GlobalSection(ExtensibilityGlobals) = postSolution
		SolutionGuid = {4C140249-E1D7-4D06-9EB0-DF265F1ACDC8}
	EndGlobalSection
EndGlobal
